
Microsoft Visual Studio Solution File, Format Version 12.00
# Visual Studio Version 17
VisualStudioVersion = 17.0.32126.317
MinimumVisualStudioVersion = 10.0.40219.1
Project("{FAE04EC0-301F-11D3-BF4B-00C04F79EFBC}") = "InstruBankV2", "InstruBankV2\InstruBankV2.csproj", "{50769D0F-0EA8-4790-BA8D-4B8838F58B87}"
EndProject
Global
	GlobalSection(SolutionConfigurationPlatforms) = preSolution
		Debug|Any CPU = Debug|Any CPU
		Release|Any CPU = Release|Any CPU
	EndGlobalSection
	GlobalSection(ProjectConfigurationPlatforms) = postSolution
		{50769D0F-0EA8-4790-BA8D-4B8838F58B87}.Debug|Any CPU.ActiveCfg = Debug|Any CPU
		{50769D0F-0EA8-4790-BA8D-4B8838F58B87}.Debug|Any CPU.Build.0 = Debug|Any CPU
		{50769D0F-0EA8-4790-BA8D-4B8838F58B87}.Release|Any CPU.ActiveCfg = Release|Any CPU
		{50769D0F-0EA8-4790-BA8D-4B8838F58B87}.Release|Any CPU.Build.0 = Release|Any CPU
	EndGlobalSection
	GlobalSection(SolutionProperties) = preSolution
		HideSolutionNode = FALSE
	EndGlobalSection
	GlobalSection(ExtensibilityGlobals) = postSolution
		SolutionGuid = {A0951952-EC9E-487C-8B88-1246CCFFA6FC}
	EndGlobalSection
EndGlobal
